
Microsoft Visual Studio Solution File, Format Version 12.00
# Visual Studio 15
VisualStudioVersion = 15.0.26403.7
MinimumVisualStudioVersion = 10.0.40219.1
Project("{FAE04EC0-301F-11D3-BF4B-00C04F79EFBC}") = "WeebWrap.Core", "WeebWrap.Core\WeebWrap.Core.csproj", "{B1577A24-BCA3-45EB-BE54-35BEB5D25139}"
EndProject
Project("{FAE04EC0-301F-11D3-BF4B-00C04F79EFBC}") = "WeebWrap", "WeebWrap\WeebWrap.csproj", "{A3E57B02-82C9-41CB-BAAB-0B3333F29FAC}"
EndProject
Project("{FAE04EC0-301F-11D3-BF4B-00C04F79EFBC}") = "TestApp", "TestApp\TestApp.csproj", "{047A6C8A-6F64-47A9-B271-E249146AA0D8}"
EndProject
Project("{FAE04EC0-301F-11D3-BF4B-00C04F79EFBC}") = "TestApp.Core", "TestApp.Core\TestApp.Core.csproj", "{BAADC0A6-DE56-4910-843A-8BC6BE7A9C65}"
EndProject
Global
	GlobalSection(SolutionConfigurationPlatforms) = preSolution
		Debug|Any CPU = Debug|Any CPU
		Release|Any CPU = Release|Any CPU
	EndGlobalSection
	GlobalSection(ProjectConfigurationPlatforms) = postSolution
		{B1577A24-BCA3-45EB-BE54-35BEB5D25139}.Debug|Any CPU.ActiveCfg = Debug|Any CPU
		{B1577A24-BCA3-45EB-BE54-35BEB5D25139}.Debug|Any CPU.Build.0 = Debug|Any CPU
		{B1577A24-BCA3-45EB-BE54-35BEB5D25139}.Release|Any CPU.ActiveCfg = Release|Any CPU
		{B1577A24-BCA3-45EB-BE54-35BEB5D25139}.Release|Any CPU.Build.0 = Release|Any CPU
		{A3E57B02-82C9-41CB-BAAB-0B3333F29FAC}.Debug|Any CPU.ActiveCfg = Debug|Any CPU
		{A3E57B02-82C9-41CB-BAAB-0B3333F29FAC}.Debug|Any CPU.Build.0 = Debug|Any CPU
		{A3E57B02-82C9-41CB-BAAB-0B3333F29FAC}.Release|Any CPU.ActiveCfg = Release|Any CPU
		{A3E57B02-82C9-41CB-BAAB-0B3333F29FAC}.Release|Any CPU.Build.0 = Release|Any CPU
		{047A6C8A-6F64-47A9-B271-E249146AA0D8}.Debug|Any CPU.ActiveCfg = Debug|Any CPU
		{047A6C8A-6F64-47A9-B271-E249146AA0D8}.Debug|Any CPU.Build.0 = Debug|Any CPU
		{047A6C8A-6F64-47A9-B271-E249146AA0D8}.Release|Any CPU.ActiveCfg = Release|Any CPU
		{047A6C8A-6F64-47A9-B271-E249146AA0D8}.Release|Any CPU.Build.0 = Release|Any CPU
		{BAADC0A6-DE56-4910-843A-8BC6BE7A9C65}.Debug|Any CPU.ActiveCfg = Debug|Any CPU
		{BAADC0A6-DE56-4910-843A-8BC6BE7A9C65}.Debug|Any CPU.Build.0 = Debug|Any CPU
		{BAADC0A6-DE56-4910-843A-8BC6BE7A9C65}.Release|Any CPU.ActiveCfg = Release|Any CPU
		{BAADC0A6-DE56-4910-843A-8BC6BE7A9C65}.Release|Any CPU.Build.0 = Release|Any CPU
	EndGlobalSection
	GlobalSection(SolutionProperties) = preSolution
		HideSolutionNode = FALSE
	EndGlobalSection
EndGlobal
